
Microsoft Visual Studio Solution File, Format Version 12.00
# Visual Studio Version 16
VisualStudioVersion = 16.0.31129.286
MinimumVisualStudioVersion = 10.0.40219.1
Project("{9092AA53-FB77-4645-B42D-1CCCA6BD08BD}") = "ExpressNodeJSTemplate", "ExpressNodeJSTemplate.njsproj", "{2178470F-B6E6-41C5-81B9-8CF0525818FF}"
EndProject
Global
	GlobalSection(SolutionConfigurationPlatforms) = preSolution
		Debug|Any CPU = Debug|Any CPU
		Release|Any CPU = Release|Any CPU
	EndGlobalSection
	GlobalSection(ProjectConfigurationPlatforms) = postSolution
		{2178470F-B6E6-41C5-81B9-8CF0525818FF}.Debug|Any CPU.ActiveCfg = Debug|Any CPU
		{2178470F-B6E6-41C5-81B9-8CF0525818FF}.Debug|Any CPU.Build.0 = Debug|Any CPU
		{2178470F-B6E6-41C5-81B9-8CF0525818FF}.Release|Any CPU.ActiveCfg = Release|Any CPU
		{2178470F-B6E6-41C5-81B9-8CF0525818FF}.Release|Any CPU.Build.0 = Release|Any CPU
	EndGlobalSection
	GlobalSection(SolutionProperties) = preSolution
		HideSolutionNode = FALSE
	EndGlobalSection
	GlobalSection(ExtensibilityGlobals) = postSolution
		SolutionGuid = {045DC02A-98B4-495A-8E3C-C0AA3F2F49E4}
	EndGlobalSection
EndGlobal
